// !$*UTF8*$!
{
	archiveVersion = 1;
	classes = {
	};
	objectVersion = 55;
	objects = {

/* Begin PBXBuildFile section */
		9B21602328AF3E15001EC82F /* FinDineApp.swift in Sources */ = {isa = PBXBuildFile; fileRef = 9B21602228AF3E15001EC82F /* FinDineApp.swift */; };
		9B21602528AF3E15001EC82F /* ContentView.swift in Sources */ = {isa = PBXBuildFile; fileRef = 9B21602428AF3E15001EC82F /* ContentView.swift */; };
		9B21602728AF3E17001EC82F /* Assets.xcassets in Resources */ = {isa = PBXBuildFile; fileRef = 9B21602628AF3E17001EC82F /* Assets.xcassets */; };
		9B21602A28AF3E17001EC82F /* Preview Assets.xcassets in Resources */ = {isa = PBXBuildFile; fileRef = 9B21602928AF3E17001EC82F /* Preview Assets.xcassets */; };
		9B21603428AF3E17001EC82F /* FinDineTests.swift in Sources */ = {isa = PBXBuildFile; fileRef = 9B21603328AF3E17001EC82F /* FinDineTests.swift */; };
		9B21603E28AF3E17001EC82F /* FinDineUITests.swift in Sources */ = {isa = PBXBuildFile; fileRef = 9B21603D28AF3E17001EC82F /* FinDineUITests.swift */; };
		9B21604028AF3E17001EC82F /* FinDineUITestsLaunchTests.swift in Sources */ = {isa = PBXBuildFile; fileRef = 9B21603F28AF3E17001EC82F /* FinDineUITestsLaunchTests.swift */; };
		EB3AECC528B1F78F00D44D0F /* FindView.swift in Sources */ = {isa = PBXBuildFile; fileRef = EB3AECC428B1F78F00D44D0F /* FindView.swift */; };
		EB3AECC728B1F7B000D44D0F /* BrowseView.swift in Sources */ = {isa = PBXBuildFile; fileRef = EB3AECC628B1F7B000D44D0F /* BrowseView.swift */; };
		EB3AECC928B1F7E000D44D0F /* SettingsView.swift in Sources */ = {isa = PBXBuildFile; fileRef = EB3AECC828B1F7E000D44D0F /* SettingsView.swift */; };
/* End PBXBuildFile section */

/* Begin PBXContainerItemProxy section */
		9B21603028AF3E17001EC82F /* PBXContainerItemProxy */ = {
			isa = PBXContainerItemProxy;
			containerPortal = 9B21601728AF3E15001EC82F /* Project object */;
			proxyType = 1;
			remoteGlobalIDString = 9B21601E28AF3E15001EC82F;
			remoteInfo = FinDine;
		};
		9B21603A28AF3E17001EC82F /* PBXContainerItemProxy */ = {
			isa = PBXContainerItemProxy;
			containerPortal = 9B21601728AF3E15001EC82F /* Project object */;
			proxyType = 1;
			remoteGlobalIDString = 9B21601E28AF3E15001EC82F;
			remoteInfo = FinDine;
		};
/* End PBXContainerItemProxy section */

/* Begin PBXFileReference section */
		9B21601F28AF3E15001EC82F /* FinDine.app */ = {isa = PBXFileReference; explicitFileType = wrapper.application; includeInIndex = 0; path = FinDine.app; sourceTree = BUILT_PRODUCTS_DIR; };
		9B21602228AF3E15001EC82F /* FinDineApp.swift */ = {isa = PBXFileReference; lastKnownFileType = sourcecode.swift; path = FinDineApp.swift; sourceTree = "<group>"; };
		9B21602428AF3E15001EC82F /* ContentView.swift */ = {isa = PBXFileReference; lastKnownFileType = sourcecode.swift; path = ContentView.swift; sourceTree = "<group>"; };
		9B21602628AF3E17001EC82F /* Assets.xcassets */ = {isa = PBXFileReference; lastKnownFileType = folder.assetcatalog; path = Assets.xcassets; sourceTree = "<group>"; };
		9B21602928AF3E17001EC82F /* Preview Assets.xcassets */ = {isa = PBXFileReference; lastKnownFileType = folder.assetcatalog; path = "Preview Assets.xcassets"; sourceTree = "<group>"; };
		9B21602F28AF3E17001EC82F /* FinDineTests.xctest */ = {isa = PBXFileReference; explicitFileType = wrapper.cfbundle; includeInIndex = 0; path = FinDineTests.xctest; sourceTree = BUILT_PRODUCTS_DIR; };
		9B21603328AF3E17001EC82F /* FinDineTests.swift */ = {isa = PBXFileReference; lastKnownFileType = sourcecode.swift; path = FinDineTests.swift; sourceTree = "<group>"; };
		9B21603928AF3E17001EC82F /* FinDineUITests.xctest */ = {isa = PBXFileReference; explicitFileType = wrapper.cfbundle; includeInIndex = 0; path = FinDineUITests.xctest; sourceTree = BUILT_PRODUCTS_DIR; };
		9B21603D28AF3E17001EC82F /* FinDineUITests.swift */ = {isa = PBXFileReference; lastKnownFileType = sourcecode.swift; path = FinDineUITests.swift; sourceTree = "<group>"; };
		9B21603F28AF3E17001EC82F /* FinDineUITestsLaunchTests.swift */ = {isa = PBXFileReference; lastKnownFileType = sourcecode.swift; path = FinDineUITestsLaunchTests.swift; sourceTree = "<group>"; };
		EB3AECC428B1F78F00D44D0F /* FindView.swift */ = {isa = PBXFileReference; lastKnownFileType = sourcecode.swift; path = FindView.swift; sourceTree = "<group>"; };
		EB3AECC628B1F7B000D44D0F /* BrowseView.swift */ = {isa = PBXFileReference; lastKnownFileType = sourcecode.swift; path = BrowseView.swift; sourceTree = "<group>"; };
		EB3AECC828B1F7E000D44D0F /* SettingsView.swift */ = {isa = PBXFileReference; lastKnownFileType = sourcecode.swift; path = SettingsView.swift; sourceTree = "<group>"; };
/* End PBXFileReference section */

/* Begin PBXFrameworksBuildPhase section */
		9B21601C28AF3E15001EC82F /* Frameworks */ = {
			isa = PBXFrameworksBuildPhase;
			buildActionMask = 2147483647;
			files = (
			);
			runOnlyForDeploymentPostprocessing = 0;
		};
		9B21602C28AF3E17001EC82F /* Frameworks */ = {
			isa = PBXFrameworksBuildPhase;
			buildActionMask = 2147483647;
			files = (
			);
			runOnlyForDeploymentPostprocessing = 0;
		};
		9B21603628AF3E17001EC82F /* Frameworks */ = {
			isa = PBXFrameworksBuildPhase;
			buildActionMask = 2147483647;
			files = (
			);
			runOnlyForDeploymentPostprocessing = 0;
		};
/* End PBXFrameworksBuildPhase section */

/* Begin PBXGroup section */
		9B21601628AF3E15001EC82F = {
			isa = PBXGroup;
			children = (
				9B21602128AF3E15001EC82F /* FinDine */,
				9B21603228AF3E17001EC82F /* FinDineTests */,
				9B21603C28AF3E17001EC82F /* FinDineUITests */,
				9B21602028AF3E15001EC82F /* Products */,
			);
			sourceTree = "<group>";
		};
		9B21602028AF3E15001EC82F /* Products */ = {
			isa = PBXGroup;
			children = (
				9B21601F28AF3E15001EC82F /* FinDine.app */,
				9B21602F28AF3E17001EC82F /* FinDineTests.xctest */,
				9B21603928AF3E17001EC82F /* FinDineUITests.xctest */,
			);
			name = Products;
			sourceTree = "<group>";
		};
		9B21602128AF3E15001EC82F /* FinDine */ = {
			isa = PBXGroup;
			children = (
				EB3AECC328B1F72D00D44D0F /* Navigation */,
				9B21602228AF3E15001EC82F /* FinDineApp.swift */,
				9B21602428AF3E15001EC82F /* ContentView.swift */,
				9B21602628AF3E17001EC82F /* Assets.xcassets */,
				9B21602828AF3E17001EC82F /* Preview Content */,
			);
			path = FinDine;
			sourceTree = "<group>";
		};
		9B21602828AF3E17001EC82F /* Preview Content */ = {
			isa = PBXGroup;
			children = (
				9B21602928AF3E17001EC82F /* Preview Assets.xcassets */,
			);
			path = "Preview Content";
			sourceTree = "<group>";
		};
		9B21603228AF3E17001EC82F /* FinDineTests */ = {
			isa = PBXGroup;
			children = (
				9B21603328AF3E17001EC82F /* FinDineTests.swift */,
			);
			path = FinDineTests;
			sourceTree = "<group>";
		};
		9B21603C28AF3E17001EC82F /* FinDineUITests */ = {
			isa = PBXGroup;
			children = (
				9B21603D28AF3E17001EC82F /* FinDineUITests.swift */,
				9B21603F28AF3E17001EC82F /* FinDineUITestsLaunchTests.swift */,
			);
			path = FinDineUITests;
			sourceTree = "<group>";
		};
		EB3AECC328B1F72D00D44D0F /* Navigation */ = {
			isa = PBXGroup;
			children = (
				EB3AECC428B1F78F00D44D0F /* FindView.swift */,
				EB3AECC628B1F7B000D44D0F /* BrowseView.swift */,
				EB3AECC828B1F7E000D44D0F /* SettingsView.swift */,
			);
			path = Navigation;
			sourceTree = "<group>";
		};
/* End PBXGroup section */

/* Begin PBXNativeTarget section */
		9B21601E28AF3E15001EC82F /* FinDine */ = {
			isa = PBXNativeTarget;
			buildConfigurationList = 9B21604328AF3E17001EC82F /* Build configuration list for PBXNativeTarget "FinDine" */;
			buildPhases = (
				9B21601B28AF3E15001EC82F /* Sources */,
				9B21601C28AF3E15001EC82F /* Frameworks */,
				9B21601D28AF3E15001EC82F /* Resources */,
			);
			buildRules = (
			);
			dependencies = (
			);
			name = FinDine;
			productName = FinDine;
			productReference = 9B21601F28AF3E15001EC82F /* FinDine.app */;
			productType = "com.apple.product-type.application";
		};
		9B21602E28AF3E17001EC82F /* FinDineTests */ = {
			isa = PBXNativeTarget;
			buildConfigurationList = 9B21604628AF3E17001EC82F /* Build configuration list for PBXNativeTarget "FinDineTests" */;
			buildPhases = (
				9B21602B28AF3E17001EC82F /* Sources */,
				9B21602C28AF3E17001EC82F /* Frameworks */,
				9B21602D28AF3E17001EC82F /* Resources */,
			);
			buildRules = (
			);
			dependencies = (
				9B21603128AF3E17001EC82F /* PBXTargetDependency */,
			);
			name = FinDineTests;
			productName = FinDineTests;
			productReference = 9B21602F28AF3E17001EC82F /* FinDineTests.xctest */;
			productType = "com.apple.product-type.bundle.unit-test";
		};
		9B21603828AF3E17001EC82F /* FinDineUITests */ = {
			isa = PBXNativeTarget;
			buildConfigurationList = 9B21604928AF3E17001EC82F /* Build configuration list for PBXNativeTarget "FinDineUITests" */;
			buildPhases = (
				9B21603528AF3E17001EC82F /* Sources */,
				9B21603628AF3E17001EC82F /* Frameworks */,
				9B21603728AF3E17001EC82F /* Resources */,
			);
			buildRules = (
			);
			dependencies = (
				9B21603B28AF3E17001EC82F /* PBXTargetDependency */,
			);
			name = FinDineUITests;
			productName = FinDineUITests;
			productReference = 9B21603928AF3E17001EC82F /* FinDineUITests.xctest */;
			productType = "com.apple.product-type.bundle.ui-testing";
		};
/* End PBXNativeTarget section */

/* Begin PBXProject section */
		9B21601728AF3E15001EC82F /* Project object */ = {
			isa = PBXProject;
			attributes = {
				BuildIndependentTargetsInParallel = 1;
				LastSwiftUpdateCheck = 1340;
				LastUpgradeCheck = 1340;
				TargetAttributes = {
					9B21601E28AF3E15001EC82F = {
						CreatedOnToolsVersion = 13.4.1;
					};
					9B21602E28AF3E17001EC82F = {
						CreatedOnToolsVersion = 13.4.1;
						TestTargetID = 9B21601E28AF3E15001EC82F;
					};
					9B21603828AF3E17001EC82F = {
						CreatedOnToolsVersion = 13.4.1;
						TestTargetID = 9B21601E28AF3E15001EC82F;
					};
				};
			};
			buildConfigurationList = 9B21601A28AF3E15001EC82F /* Build configuration list for PBXProject "FinDine" */;
			compatibilityVersion = "Xcode 13.0";
			developmentRegion = en;
			hasScannedForEncodings = 0;
			knownRegions = (
				en,
				Base,
			);
			mainGroup = 9B21601628AF3E15001EC82F;
			productRefGroup = 9B21602028AF3E15001EC82F /* Products */;
			projectDirPath = "";
			projectRoot = "";
			targets = (
				9B21601E28AF3E15001EC82F /* FinDine */,
				9B21602E28AF3E17001EC82F /* FinDineTests */,
				9B21603828AF3E17001EC82F /* FinDineUITests */,
			);
		};
/* End PBXProject section */

/* Begin PBXResourcesBuildPhase section */
		9B21601D28AF3E15001EC82F /* Resources */ = {
			isa = PBXResourcesBuildPhase;
			buildActionMask = 2147483647;
			files = (
				9B21602A28AF3E17001EC82F /* Preview Assets.xcassets in Resources */,
				9B21602728AF3E17001EC82F /* Assets.xcassets in Resources */,
			);
			runOnlyForDeploymentPostprocessing = 0;
		};
		9B21602D28AF3E17001EC82F /* Resources */ = {
			isa = PBXResourcesBuildPhase;
			buildActionMask = 2147483647;
			files = (
			);
			runOnlyForDeploymentPostprocessing = 0;
		};
		9B21603728AF3E17001EC82F /* Resources */ = {
			isa = PBXResourcesBuildPhase;
			buildActionMask = 2147483647;
			files = (
			);
			runOnlyForDeploymentPostprocessing = 0;
		};
/* End PBXResourcesBuildPhase section */

/* Begin PBXSourcesBuildPhase section */
		9B21601B28AF3E15001EC82F /* Sources */ = {
			isa = PBXSourcesBuildPhase;
			buildActionMask = 2147483647;
			files = (
				EB3AECC928B1F7E000D44D0F /* SettingsView.swift in Sources */,
				EB3AECC728B1F7B000D44D0F /* BrowseView.swift in Sources */,
				9B21602528AF3E15001EC82F /* ContentView.swift in Sources */,
				9B21602328AF3E15001EC82F /* FinDineApp.swift in Sources */,
				EB3AECC528B1F78F00D44D0F /* FindView.swift in Sources */,
			);
			runOnlyForDeploymentPostprocessing = 0;
		};
		9B21602B28AF3E17001EC82F /* Sources */ = {
			isa = PBXSourcesBuildPhase;
			buildActionMask = 2147483647;
			files = (
				9B21603428AF3E17001EC82F /* FinDineTests.swift in Sources */,
			);
			runOnlyForDeploymentPostprocessing = 0;
		};
		9B21603528AF3E17001EC82F /* Sources */ = {
			isa = PBXSourcesBuildPhase;
			buildActionMask = 2147483647;
			files = (
				9B21604028AF3E17001EC82F /* FinDineUITestsLaunchTests.swift in Sources */,
				9B21603E28AF3E17001EC82F /* FinDineUITests.swift in Sources */,
			);
			runOnlyForDeploymentPostprocessing = 0;
		};
/* End PBXSourcesBuildPhase section */

/* Begin PBXTargetDependency section */
		9B21603128AF3E17001EC82F /* PBXTargetDependency */ = {
			isa = PBXTargetDependency;
			target = 9B21601E28AF3E15001EC82F /* FinDine */;
			targetProxy = 9B21603028AF3E17001EC82F /* PBXContainerItemProxy */;
		};
		9B21603B28AF3E17001EC82F /* PBXTargetDependency */ = {
			isa = PBXTargetDependency;
			target = 9B21601E28AF3E15001EC82F /* FinDine */;
			targetProxy = 9B21603A28AF3E17001EC82F /* PBXContainerItemProxy */;
		};
/* End PBXTargetDependency section */

/* Begin XCBuildConfiguration section */
		9B21604128AF3E17001EC82F /* Debug */ = {
			isa = XCBuildConfiguration;
			buildSettings = {
				ALWAYS_SEARCH_USER_PATHS = NO;
				CLANG_ANALYZER_NONNULL = YES;
				CLANG_ANALYZER_NUMBER_OBJECT_CONVERSION = YES_AGGRESSIVE;
				CLANG_CXX_LANGUAGE_STANDARD = "gnu++17";
				CLANG_ENABLE_MODULES = YES;
				CLANG_ENABLE_OBJC_ARC = YES;
				CLANG_ENABLE_OBJC_WEAK = YES;
				CLANG_WARN_BLOCK_CAPTURE_AUTORELEASING = YES;
				CLANG_WARN_BOOL_CONVERSION = YES;
				CLANG_WARN_COMMA = YES;
				CLANG_WARN_CONSTANT_CONVERSION = YES;
				CLANG_WARN_DEPRECATED_OBJC_IMPLEMENTATIONS = YES;
				CLANG_WARN_DIRECT_OBJC_ISA_USAGE = YES_ERROR;
				CLANG_WARN_DOCUMENTATION_COMMENTS = YES;
				CLANG_WARN_EMPTY_BODY = YES;
				CLANG_WARN_ENUM_CONVERSION = YES;
				CLANG_WARN_INFINITE_RECURSION = YES;
				CLANG_WARN_INT_CONVERSION = YES;
				CLANG_WARN_NON_LITERAL_NULL_CONVERSION = YES;
				CLANG_WARN_OBJC_IMPLICIT_RETAIN_SELF = YES;
				CLANG_WARN_OBJC_LITERAL_CONVERSION = YES;
				CLANG_WARN_OBJC_ROOT_CLASS = YES_ERROR;
				CLANG_WARN_QUOTED_INCLUDE_IN_FRAMEWORK_HEADER = YES;
				CLANG_WARN_RANGE_LOOP_ANALYSIS = YES;
				CLANG_WARN_STRICT_PROTOTYPES = YES;
				CLANG_WARN_SUSPICIOUS_MOVE = YES;
				CLANG_WARN_UNGUARDED_AVAILABILITY = YES_AGGRESSIVE;
				CLANG_WARN_UNREACHABLE_CODE = YES;
				CLANG_WARN__DUPLICATE_METHOD_MATCH = YES;
				COPY_PHASE_STRIP = NO;
				DEBUG_INFORMATION_FORMAT = dwarf;
				ENABLE_STRICT_OBJC_MSGSEND = YES;
				ENABLE_TESTABILITY = YES;
				GCC_C_LANGUAGE_STANDARD = gnu11;
				GCC_DYNAMIC_NO_PIC = NO;
				GCC_NO_COMMON_BLOCKS = YES;
				GCC_OPTIMIZATION_LEVEL = 0;
				GCC_PREPROCESSOR_DEFINITIONS = (
					"DEBUG=1",
					"$(inherited)",
				);
				GCC_WARN_64_TO_32_BIT_CONVERSION = YES;
				GCC_WARN_ABOUT_RETURN_TYPE = YES_ERROR;
				GCC_WARN_UNDECLARED_SELECTOR = YES;
				GCC_WARN_UNINITIALIZED_AUTOS = YES_AGGRESSIVE;
				GCC_WARN_UNUSED_FUNCTION = YES;
				GCC_WARN_UNUSED_VARIABLE = YES;
				IPHONEOS_DEPLOYMENT_TARGET = 15.5;
				MTL_ENABLE_DEBUG_INFO = INCLUDE_SOURCE;
				MTL_FAST_MATH = YES;
				ONLY_ACTIVE_ARCH = YES;
				SDKROOT = iphoneos;
				SWIFT_ACTIVE_COMPILATION_CONDITIONS = DEBUG;
				SWIFT_OPTIMIZATION_LEVEL = "-Onone";
			};
			name = Debug;
		};
		9B21604228AF3E17001EC82F /* Release */ = {
			isa = XCBuildConfiguration;
			buildSettings = {
				ALWAYS_SEARCH_USER_PATHS = NO;
				CLANG_ANALYZER_NONNULL = YES;
				CLANG_ANALYZER_NUMBER_OBJECT_CONVERSION = YES_AGGRESSIVE;
				CLANG_CXX_LANGUAGE_STANDARD = "gnu++17";
				CLANG_ENABLE_MODULES = YES;
				CLANG_ENABLE_OBJC_ARC = YES;
				CLANG_ENABLE_OBJC_WEAK = YES;
				CLANG_WARN_BLOCK_CAPTURE_AUTORELEASING = YES;
				CLANG_WARN_BOOL_CONVERSION = YES;
				CLANG_WARN_COMMA = YES;
				CLANG_WARN_CONSTANT_CONVERSION = YES;
				CLANG_WARN_DEPRECATED_OBJC_IMPLEMENTATIONS = YES;
				CLANG_WARN_DIRECT_OBJC_ISA_USAGE = YES_ERROR;
				CLANG_WARN_DOCUMENTATION_COMMENTS = YES;
				CLANG_WARN_EMPTY_BODY = YES;
				CLANG_WARN_ENUM_CONVERSION = YES;
				CLANG_WARN_INFINITE_RECURSION = YES;
				CLANG_WARN_INT_CONVERSION = YES;
				CLANG_WARN_NON_LITERAL_NULL_CONVERSION = YES;
				CLANG_WARN_OBJC_IMPLICIT_RETAIN_SELF = YES;
				CLANG_WARN_OBJC_LITERAL_CONVERSION = YES;
				CLANG_WARN_OBJC_ROOT_CLASS = YES_ERROR;
				CLANG_WARN_QUOTED_INCLUDE_IN_FRAMEWORK_HEADER = YES;
				CLANG_WARN_RANGE_LOOP_ANALYSIS = YES;
				CLANG_WARN_STRICT_PROTOTYPES = YES;
				CLANG_WARN_SUSPICIOUS_MOVE = YES;
				CLANG_WARN_UNGUARDED_AVAILABILITY = YES_AGGRESSIVE;
				CLANG_WARN_UNREACHABLE_CODE = YES;
				CLANG_WARN__DUPLICATE_METHOD_MATCH = YES;
				COPY_PHASE_STRIP = NO;
				DEBUG_INFORMATION_FORMAT = "dwarf-with-dsym";
				ENABLE_NS_ASSERTIONS = NO;
				ENABLE_STRICT_OBJC_MSGSEND = YES;
				GCC_C_LANGUAGE_STANDARD = gnu11;
				GCC_NO_COMMON_BLOCKS = YES;
				GCC_WARN_64_TO_32_BIT_CONVERSION = YES;
				GCC_WARN_ABOUT_RETURN_TYPE = YES_ERROR;
				GCC_WARN_UNDECLARED_SELECTOR = YES;
				GCC_WARN_UNINITIALIZED_AUTOS = YES_AGGRESSIVE;
				GCC_WARN_UNUSED_FUNCTION = YES;
				GCC_WARN_UNUSED_VARIABLE = YES;
				IPHONEOS_DEPLOYMENT_TARGET = 15.5;
				MTL_ENABLE_DEBUG_INFO = NO;
				MTL_FAST_MATH = YES;
				SDKROOT = iphoneos;
				SWIFT_COMPILATION_MODE = wholemodule;
				SWIFT_OPTIMIZATION_LEVEL = "-O";
				VALIDATE_PRODUCT = YES;
			};
			name = Release;
		};
		9B21604428AF3E17001EC82F /* Debug */ = {
			isa = XCBuildConfiguration;
			buildSettings = {
				ASSETCATALOG_COMPILER_APPICON_NAME = AppIcon;
				ASSETCATALOG_COMPILER_GLOBAL_ACCENT_COLOR_NAME = AccentColor;
				CODE_SIGN_STYLE = Automatic;
				CURRENT_PROJECT_VERSION = 1;
				DEVELOPMENT_ASSET_PATHS = "\"FinDine/Preview Content\"";
				DEVELOPMENT_TEAM = WALJ89TL5R;
				ENABLE_PREVIEWS = YES;
				GENERATE_INFOPLIST_FILE = YES;
				INFOPLIST_KEY_UIApplicationSceneManifest_Generation = YES;
				INFOPLIST_KEY_UIApplicationSupportsIndirectInputEvents = YES;
				INFOPLIST_KEY_UILaunchScreen_Generation = YES;
				INFOPLIST_KEY_UISupportedInterfaceOrientations_iPad = "UIInterfaceOrientationPortrait UIInterfaceOrientationPortraitUpsideDown UIInterfaceOrientationLandscapeLeft UIInterfaceOrientationLandscapeRight";
				INFOPLIST_KEY_UISupportedInterfaceOrientations_iPhone = "UIInterfaceOrientationPortrait UIInterfaceOrientationLandscapeLeft UIInterfaceOrientationLandscapeRight";
				LD_RUNPATH_SEARCH_PATHS = (
					"$(inherited)",
					"@executable_path/Frameworks",
				);
				MARKETING_VERSION = 1.0;
				PRODUCT_BUNDLE_IDENTIFIER = "Eason-Productioon.FinDine";
				PRODUCT_NAME = "$(TARGET_NAME)";
				SWIFT_EMIT_LOC_STRINGS = YES;
				SWIFT_VERSION = 5.0;
				TARGETED_DEVICE_FAMILY = "1,2";
			};
			name = Debug;
		};
		9B21604528AF3E17001EC82F /* Release */ = {
			isa = XCBuildConfiguration;
			buildSettings = {
				ASSETCATALOG_COMPILER_APPICON_NAME = AppIcon;
				ASSETCATALOG_COMPILER_GLOBAL_ACCENT_COLOR_NAME = AccentColor;
				CODE_SIGN_STYLE = Automatic;
				CURRENT_PROJECT_VERSION = 1;
				DEVELOPMENT_ASSET_PATHS = "\"FinDine/Preview Content\"";
				DEVELOPMENT_TEAM = WALJ89TL5R;
				ENABLE_PREVIEWS = YES;
				GENERATE_INFOPLIST_FILE = YES;
				INFOPLIST_KEY_UIApplicationSceneManifest_Generation = YES;
				INFOPLIST_KEY_UIApplicationSupportsIndirectInputEvents = YES;
				INFOPLIST_KEY_UILaunchScreen_Generation = YES;
				INFOPLIST_KEY_UISupportedInterfaceOrientations_iPad = "UIInterfaceOrientationPortrait UIInterfaceOrientationPortraitUpsideDown UIInterfaceOrientationLandscapeLeft UIInterfaceOrientationLandscapeRight";
				INFOPLIST_KEY_UISupportedInterfaceOrientations_iPhone = "UIInterfaceOrientationPortrait UIInterfaceOrientationLandscapeLeft UIInterfaceOrientationLandscapeRight";
				LD_RUNPATH_SEARCH_PATHS = (
					"$(inherited)",
					"@executable_path/Frameworks",
				);
				MARKETING_VERSION = 1.0;
				PRODUCT_BUNDLE_IDENTIFIER = "Eason-Productioon.FinDine";
				PRODUCT_NAME = "$(TARGET_NAME)";
				SWIFT_EMIT_LOC_STRINGS = YES;
				SWIFT_VERSION = 5.0;
				TARGETED_DEVICE_FAMILY = "1,2";
			};
			name = Release;
		};
		9B21604728AF3E17001EC82F /* Debug */ = {
			isa = XCBuildConfiguration;
			buildSettings = {
				ALWAYS_EMBED_SWIFT_STANDARD_LIBRARIES = YES;
				BUNDLE_LOADER = "$(TEST_HOST)";
				CODE_SIGN_STYLE = Automatic;
				CURRENT_PROJECT_VERSION = 1;
				DEVELOPMENT_TEAM = WALJ89TL5R;
				GENERATE_INFOPLIST_FILE = YES;
				IPHONEOS_DEPLOYMENT_TARGET = 15.5;
				MARKETING_VERSION = 1.0;
				PRODUCT_BUNDLE_IDENTIFIER = "Eason-Productioon.FinDineTests";
				PRODUCT_NAME = "$(TARGET_NAME)";
				SWIFT_EMIT_LOC_STRINGS = NO;
				SWIFT_VERSION = 5.0;
				TARGETED_DEVICE_FAMILY = "1,2";
				TEST_HOST = "$(BUILT_PRODUCTS_DIR)/FinDine.app/FinDine";
			};
			name = Debug;
		};
		9B21604828AF3E17001EC82F /* Release */ = {
			isa = XCBuildConfiguration;
			buildSettings = {
				ALWAYS_EMBED_SWIFT_STANDARD_LIBRARIES = YES;
				BUNDLE_LOADER = "$(TEST_HOST)";
				CODE_SIGN_STYLE = Automatic;
				CURRENT_PROJECT_VERSION = 1;
				DEVELOPMENT_TEAM = WALJ89TL5R;
				GENERATE_INFOPLIST_FILE = YES;
				IPHONEOS_DEPLOYMENT_TARGET = 15.5;
				MARKETING_VERSION = 1.0;
				PRODUCT_BUNDLE_IDENTIFIER = "Eason-Productioon.FinDineTests";
				PRODUCT_NAME = "$(TARGET_NAME)";
				SWIFT_EMIT_LOC_STRINGS = NO;
				SWIFT_VERSION = 5.0;
				TARGETED_DEVICE_FAMILY = "1,2";
				TEST_HOST = "$(BUILT_PRODUCTS_DIR)/FinDine.app/FinDine";
			};
			name = Release;
		};
		9B21604A28AF3E17001EC82F /* Debug */ = {
			isa = XCBuildConfiguration;
			buildSettings = {
				ALWAYS_EMBED_SWIFT_STANDARD_LIBRARIES = YES;
				CODE_SIGN_STYLE = Automatic;
				CURRENT_PROJECT_VERSION = 1;
				DEVELOPMENT_TEAM = WALJ89TL5R;
				GENERATE_INFOPLIST_FILE = YES;
				MARKETING_VERSION = 1.0;
				PRODUCT_BUNDLE_IDENTIFIER = "Eason-Productioon.FinDineUITests";
				PRODUCT_NAME = "$(TARGET_NAME)";
				SWIFT_EMIT_LOC_STRINGS = NO;
				SWIFT_VERSION = 5.0;
				TARGETED_DEVICE_FAMILY = "1,2";
				TEST_TARGET_NAME = FinDine;
			};
			name = Debug;
		};
		9B21604B28AF3E17001EC82F /* Release */ = {
			isa = XCBuildConfiguration;
			buildSettings = {
				ALWAYS_EMBED_SWIFT_STANDARD_LIBRARIES = YES;
				CODE_SIGN_STYLE = Automatic;
				CURRENT_PROJECT_VERSION = 1;
				DEVELOPMENT_TEAM = WALJ89TL5R;
				GENERATE_INFOPLIST_FILE = YES;
				MARKETING_VERSION = 1.0;
				PRODUCT_BUNDLE_IDENTIFIER = "Eason-Productioon.FinDineUITests";
				PRODUCT_NAME = "$(TARGET_NAME)";
				SWIFT_EMIT_LOC_STRINGS = NO;
				SWIFT_VERSION = 5.0;
				TARGETED_DEVICE_FAMILY = "1,2";
				TEST_TARGET_NAME = FinDine;
			};
			name = Release;
		};
/* End XCBuildConfiguration section */

/* Begin XCConfigurationList section */
		9B21601A28AF3E15001EC82F /* Build configuration list for PBXProject "FinDine" */ = {
			isa = XCConfigurationList;
			buildConfigurations = (
				9B21604128AF3E17001EC82F /* Debug */,
				9B21604228AF3E17001EC82F /* Release */,
			);
			defaultConfigurationIsVisible = 0;
			defaultConfigurationName = Release;
		};
		9B21604328AF3E17001EC82F /* Build configuration list for PBXNativeTarget "FinDine" */ = {
			isa = XCConfigurationList;
			buildConfigurations = (
				9B21604428AF3E17001EC82F /* Debug */,
				9B21604528AF3E17001EC82F /* Release */,
			);
			defaultConfigurationIsVisible = 0;
			defaultConfigurationName = Release;
		};
		9B21604628AF3E17001EC82F /* Build configuration list for PBXNativeTarget "FinDineTests" */ = {
			isa = XCConfigurationList;
			buildConfigurations = (
				9B21604728AF3E17001EC82F /* Debug */,
				9B21604828AF3E17001EC82F /* Release */,
			);
			defaultConfigurationIsVisible = 0;
			defaultConfigurationName = Release;
		};
		9B21604928AF3E17001EC82F /* Build configuration list for PBXNativeTarget "FinDineUITests" */ = {
			isa = XCConfigurationList;
			buildConfigurations = (
				9B21604A28AF3E17001EC82F /* Debug */,
				9B21604B28AF3E17001EC82F /* Release */,
			);
			defaultConfigurationIsVisible = 0;
			defaultConfigurationName = Release;
		};
/* End XCConfigurationList section */
	};
	rootObject = 9B21601728AF3E15001EC82F /* Project object */;
}
